
Microsoft Visual Studio Solution File, Format Version 12.00
# Visual Studio 14
VisualStudioVersion = 14.0.24720.0
MinimumVisualStudioVersion = 10.0.40219.1
Project("{FAE04EC0-301F-11D3-BF4B-00C04F79EFBC}") = "Formula Hybrid Dashboard", "Formula Hybrid Dashboard\Formula Hybrid Dashboard.csproj", "{BA3047BA-3313-4ED0-976F-4D8029C6ABAE}"
EndProject
Global
	GlobalSection(SolutionConfigurationPlatforms) = preSolution
		Debug|ARM = Debug|ARM
		Debug|x64 = Debug|x64
		Debug|x86 = Debug|x86
		Release|ARM = Release|ARM
		Release|x64 = Release|x64
		Release|x86 = Release|x86
		Testing|ARM = Testing|ARM
		Testing|x64 = Testing|x64
		Testing|x86 = Testing|x86
	EndGlobalSection
	GlobalSection(ProjectConfigurationPlatforms) = postSolution
		{BA3047BA-3313-4ED0-976F-4D8029C6ABAE}.Debug|ARM.ActiveCfg = Debug|ARM
		{BA3047BA-3313-4ED0-976F-4D8029C6ABAE}.Debug|ARM.Build.0 = Debug|ARM
		{BA3047BA-3313-4ED0-976F-4D8029C6ABAE}.Debug|ARM.Deploy.0 = Debug|ARM
		{BA3047BA-3313-4ED0-976F-4D8029C6ABAE}.Debug|x64.ActiveCfg = Debug|x64
		{BA3047BA-3313-4ED0-976F-4D8029C6ABAE}.Debug|x64.Build.0 = Debug|x64
		{BA3047BA-3313-4ED0-976F-4D8029C6ABAE}.Debug|x64.Deploy.0 = Debug|x64
		{BA3047BA-3313-4ED0-976F-4D8029C6ABAE}.Debug|x86.ActiveCfg = Debug|x86
		{BA3047BA-3313-4ED0-976F-4D8029C6ABAE}.Debug|x86.Build.0 = Debug|x86
		{BA3047BA-3313-4ED0-976F-4D8029C6ABAE}.Debug|x86.Deploy.0 = Debug|x86
		{BA3047BA-3313-4ED0-976F-4D8029C6ABAE}.Release|ARM.ActiveCfg = Release|ARM
		{BA3047BA-3313-4ED0-976F-4D8029C6ABAE}.Release|ARM.Build.0 = Release|ARM
		{BA3047BA-3313-4ED0-976F-4D8029C6ABAE}.Release|ARM.Deploy.0 = Release|ARM
		{BA3047BA-3313-4ED0-976F-4D8029C6ABAE}.Release|x64.ActiveCfg = Release|x64
		{BA3047BA-3313-4ED0-976F-4D8029C6ABAE}.Release|x64.Build.0 = Release|x64
		{BA3047BA-3313-4ED0-976F-4D8029C6ABAE}.Release|x64.Deploy.0 = Release|x64
		{BA3047BA-3313-4ED0-976F-4D8029C6ABAE}.Release|x86.ActiveCfg = Release|x86
		{BA3047BA-3313-4ED0-976F-4D8029C6ABAE}.Release|x86.Build.0 = Release|x86
		{BA3047BA-3313-4ED0-976F-4D8029C6ABAE}.Release|x86.Deploy.0 = Release|x86
		{BA3047BA-3313-4ED0-976F-4D8029C6ABAE}.Testing|ARM.ActiveCfg = Release|ARM
		{BA3047BA-3313-4ED0-976F-4D8029C6ABAE}.Testing|ARM.Build.0 = Release|ARM
		{BA3047BA-3313-4ED0-976F-4D8029C6ABAE}.Testing|ARM.Deploy.0 = Release|ARM
		{BA3047BA-3313-4ED0-976F-4D8029C6ABAE}.Testing|x64.ActiveCfg = Release|x64
		{BA3047BA-3313-4ED0-976F-4D8029C6ABAE}.Testing|x64.Build.0 = Release|x64
		{BA3047BA-3313-4ED0-976F-4D8029C6ABAE}.Testing|x64.Deploy.0 = Release|x64
		{BA3047BA-3313-4ED0-976F-4D8029C6ABAE}.Testing|x86.ActiveCfg = Release|x86
		{BA3047BA-3313-4ED0-976F-4D8029C6ABAE}.Testing|x86.Build.0 = Release|x86
		{BA3047BA-3313-4ED0-976F-4D8029C6ABAE}.Testing|x86.Deploy.0 = Release|x86
	EndGlobalSection
	GlobalSection(SolutionProperties) = preSolution
		HideSolutionNode = FALSE
	EndGlobalSection
EndGlobal
